{
  "name": "ng7-snack-bar",
  "version": "1.5.0",
  "lockfileVersion": 1,
  "requires": true,
  "dependencies": {
    "@angular/animations": {
      "version": "7.0.4",
      "resolved": "https://registry.npmjs.org/@angular/animations/-/animations-7.0.4.tgz",
      "integrity": "sha512-QfFikT0FzYNMjdVg0LWTBijdu9JDJyzejnhCFlXxv+KR4zolpRK98/rU7CFW1Fg2jjL3/yL9PT1sf5I0fTJZYA==",
      "requires": {
        "tslib": "^1.9.0"
      }
    },
    "@angular/common": {
      "version": "7.0.4",
      "resolved": "https://registry.npmjs.org/@angular/common/-/common-7.0.4.tgz",
      "integrity": "sha512-akQojdqY/RBlItkDWAPI3k0Llk1wnbAp+f47yySi3cgQz9SaZ1/RLNWZV84I/cKrksb4ehorT/lTqRBojsAD1A==",
      "requires": {
        "tslib": "^1.9.0"
      }
    },
    "@angular/core": {
      "version": "7.0.4",
      "resolved": "https://registry.npmjs.org/@angular/core/-/core-7.0.4.tgz",
      "integrity": "sha512-17SSmCz1wQoZKnVHF/T8UkWYPpDm5kPyoc1okkTTv8ZA2EAMMuZFFnRSAxEL5i7mNB9z5CvRqF2tRx/DbgbIRA==",
      "requires": {
        "tslib": "^1.9.0"
      }
    },
    "@angular/platform-browser": {
      "version": "7.0.4",
      "resolved": "https://registry.npmjs.org/@angular/platform-browser/-/platform-browser-7.0.4.tgz",
      "integrity": "sha512-4brYZZgsCJk1/a6JoSwaiVWO9+/T4iyE27dAgstao1nOf/jrBNKW2HnZtkWZmCCBK0WIk15wlB0Xr87OZbjNVA==",
      "requires": {
        "tslib": "^1.9.0"
      }
    },
    "@angular/router": {
      "version": "7.0.4",
      "resolved": "https://registry.npmjs.org/@angular/router/-/router-7.0.4.tgz",
      "integrity": "sha512-nt1jJsxN+JmYZ6URamMdULUpH4aHdnNVKjWtjDI0OpdZvPx7PMFD8cfc92q0tavy2KqqexcceIb4BIC965gtpA==",
      "requires": {
        "tslib": "^1.9.0"
      }
    },
    "@fortawesome/angular-fontawesome": {
      "version": "0.3.0",
      "resolved": "https://registry.npmjs.org/@fortawesome/angular-fontawesome/-/angular-fontawesome-0.3.0.tgz",
      "integrity": "sha512-wXvyPI7GidoNiqeMz2re9iemUMFH4zBmuv94CfXlaanQ8+kMP/fYs/k69PLVN1KsebQY4kRA9GHmc1U1ndBkJg==",
      "requires": {
        "tslib": "^1.9.0"
      }
    },
    "@fortawesome/fontawesome-common-types": {
      "version": "0.2.8",
      "resolved": "https://registry.npmjs.org/@fortawesome/fontawesome-common-types/-/fontawesome-common-types-0.2.8.tgz",
      "integrity": "sha512-0sU7JDLdEeGQlWBSr5uEE6PZOM15YM1s9rFlpZV+WhNdX2V6Co3Sj0OW5el4F54X1Tw+nfxf4Cc3dUedudaDWg=="
    },
    "@fortawesome/fontawesome-svg-core": {
      "version": "1.2.8",
      "resolved": "https://registry.npmjs.org/@fortawesome/fontawesome-svg-core/-/fontawesome-svg-core-1.2.8.tgz",
      "integrity": "sha512-cvcMQZ5F8WSNSGMk9uWlkmZNfDzmdsWLRrTMrNwwihHcEmWRlIuSbDt+PQ/rXsnGmJnmLQJLFBT1cse/3swxbg==",
      "requires": {
        "@fortawesome/fontawesome-common-types": "^0.2.8"
      }
    },
    "@fortawesome/free-solid-svg-icons": {
      "version": "5.5.0",
      "resolved": "https://registry.npmjs.org/@fortawesome/free-solid-svg-icons/-/free-solid-svg-icons-5.5.0.tgz",
      "integrity": "sha512-VawIT2owNP97EwehZmxkvZDhoKwEevU/1HOMkln6kc4OtfE+JKYr6DpyzQnHVWXvz/eFj36QElHNe6zT8gR+Tg==",
      "requires": {
        "@fortawesome/fontawesome-common-types": "^0.2.8"
      }
    },
    "@ngrx/store": {
      "version": "6.1.2",
      "resolved": "https://registry.npmjs.org/@ngrx/store/-/store-6.1.2.tgz",
      "integrity": "sha512-W9MbXrwhIRmN1BlINF9BT+rHR046e1HNk7GqykcDJrK9wW74PJW3aE5iuPb2sTPipBMjPHsXzc73E4U/+OTAyw=="
    },
    "rxjs": {
      "version": "6.3.3",
      "resolved": "https://registry.npmjs.org/rxjs/-/rxjs-6.3.3.tgz",
      "integrity": "sha512-JTWmoY9tWCs7zvIk/CvRjhjGaOd+OVBM987mxFo+OW66cGpdKjZcpmc74ES1sB//7Kl/PAe8+wEakuhG4pcgOw==",
      "requires": {
        "tslib": "^1.9.0"
      }
    },
    "tslib": {
      "version": "1.9.3",
      "resolved": "https://registry.npmjs.org/tslib/-/tslib-1.9.3.tgz",
      "integrity": "sha512-4krF8scpejhaOgqzBEcGM7yDIEfi0/8+8zDRZhNZZ2kjmHJ4hv3zCbQWxoJGz1iw5U0Jl0nma13xzHXcncMavQ=="
    },
    "zone.js": {
      "version": "0.8.26",
      "resolved": "https://registry.npmjs.org/zone.js/-/zone.js-0.8.26.tgz",
      "integrity": "sha512-W9Nj+UmBJG251wkCacIkETgra4QgBo/vgoEkb4a2uoLzpQG7qF9nzwoLXWU5xj3Fg2mxGvEDh47mg24vXccYjA=="
    }
  }
}
